
Microsoft Visual Studio Solution File, Format Version 12.00
# Visual Studio Version 16
VisualStudioVersion = 16.0.30011.22
MinimumVisualStudioVersion = 10.0.40219.1
Project("{9A19103F-16F7-4668-BE54-9A1E7A4F7556}") = "IpcServiceSample.ServiceContracts", "IpcServiceSample.ServiceContracts\IpcServiceSample.ServiceContracts.csproj", "{75CA748C-4346-4266-B729-ACC4124B5C15}"
EndProject
Project("{9A19103F-16F7-4668-BE54-9A1E7A4F7556}") = "IpcServiceSample.ConsoleClient", "IpcServiceSample.Client\IpcServiceSample.ConsoleClient.csproj", "{A3F3B3FA-4374-4DDB-B815-427C03B06F69}"
EndProject
Project("{9A19103F-16F7-4668-BE54-9A1E7A4F7556}") = "IpcServiceSample.Server", "IpcServiceSample.Server\IpcServiceSample.Server.csproj", "{39CFB883-D3E3-43D0-A94C-4F587C45294B}"
EndProject
Project("{2150E333-8FDC-42A3-9474-1A3956D46DE8}") = "Solution Items", "Solution Items", "{4F70218C-A4A5-4996-9633-5E0361337DD6}"
	ProjectSection(SolutionItems) = preProject
		..\README.md = ..\README.md
	EndProjectSection
EndProject
Global
	GlobalSection(SolutionConfigurationPlatforms) = preSolution
		Debug|Any CPU = Debug|Any CPU
		Release|Any CPU = Release|Any CPU
	EndGlobalSection
	GlobalSection(ProjectConfigurationPlatforms) = postSolution
		{75CA748C-4346-4266-B729-ACC4124B5C15}.Debug|Any CPU.ActiveCfg = Debug|Any CPU
		{75CA748C-4346-4266-B729-ACC4124B5C15}.Debug|Any CPU.Build.0 = Debug|Any CPU
		{75CA748C-4346-4266-B729-ACC4124B5C15}.Release|Any CPU.ActiveCfg = Release|Any CPU
		{75CA748C-4346-4266-B729-ACC4124B5C15}.Release|Any CPU.Build.0 = Release|Any CPU
		{A3F3B3FA-4374-4DDB-B815-427C03B06F69}.Debug|Any CPU.ActiveCfg = Debug|Any CPU
		{A3F3B3FA-4374-4DDB-B815-427C03B06F69}.Debug|Any CPU.Build.0 = Debug|Any CPU
		{A3F3B3FA-4374-4DDB-B815-427C03B06F69}.Release|Any CPU.ActiveCfg = Release|Any CPU
		{A3F3B3FA-4374-4DDB-B815-427C03B06F69}.Release|Any CPU.Build.0 = Release|Any CPU
		{39CFB883-D3E3-43D0-A94C-4F587C45294B}.Debug|Any CPU.ActiveCfg = Debug|Any CPU
		{39CFB883-D3E3-43D0-A94C-4F587C45294B}.Debug|Any CPU.Build.0 = Debug|Any CPU
		{39CFB883-D3E3-43D0-A94C-4F587C45294B}.Release|Any CPU.ActiveCfg = Release|Any CPU
		{39CFB883-D3E3-43D0-A94C-4F587C45294B}.Release|Any CPU.Build.0 = Release|Any CPU
	EndGlobalSection
	GlobalSection(SolutionProperties) = preSolution
		HideSolutionNode = FALSE
	EndGlobalSection
	GlobalSection(ExtensibilityGlobals) = postSolution
		SolutionGuid = {F174C67D-CEF7-4016-8DB6-94ED131FF8E6}
	EndGlobalSection
EndGlobal
