
Microsoft Visual Studio Solution File, Format Version 12.00
# Visual Studio Version 16
VisualStudioVersion = 16.0.28803.156
MinimumVisualStudioVersion = 10.0.40219.1
Project("{2150E333-8FDC-42A3-9474-1A3956D46DE8}") = "Solution Items", "Solution Items", "{20913218-C740-42E9-9D17-CAD973B676D0}"
	ProjectSection(SolutionItems) = preProject
		.editorconfig = .editorconfig
		Directory.Build.props = Directory.Build.props
		IpcServiceFramework.snk = IpcServiceFramework.snk
		..\build\version.yml = ..\build\version.yml
	EndProjectSection
EndProject
Project("{9A19103F-16F7-4668-BE54-9A1E7A4F7556}") = "JKang.IpcServiceFramework.Core.Tests", "JKang.IpcServiceFramework.Core.Tests\JKang.IpcServiceFramework.Core.Tests.csproj", "{1EC81913-883B-487C-A3FD-98A80EDE3225}"
EndProject
Project("{9A19103F-16F7-4668-BE54-9A1E7A4F7556}") = "JKang.IpcServiceFramework.Hosting.NamedPipe", "JKang.IpcServiceFramework.Hosting.NamedPipe\JKang.IpcServiceFramework.Hosting.NamedPipe.csproj", "{42A743C1-2E99-4D3B-BA77-ACDF8309DC74}"
EndProject
Project("{2150E333-8FDC-42A3-9474-1A3956D46DE8}") = "NamedPipe", "NamedPipe", "{7ED117EC-C390-4D2E-94D3-C00010B63535}"
EndProject
Project("{9A19103F-16F7-4668-BE54-9A1E7A4F7556}") = "JKang.IpcServiceFramework.Client.NamedPipe", "JKang.IpcServiceFramework.Client.NamedPipe\JKang.IpcServiceFramework.Client.NamedPipe.csproj", "{3BCFFC74-2722-43DC-B910-92A34997FA2B}"
EndProject
Project("{2150E333-8FDC-42A3-9474-1A3956D46DE8}") = "Tcp", "Tcp", "{7A7B0FCA-ADE5-4C7A-9640-9E10821D251C}"
EndProject
Project("{9A19103F-16F7-4668-BE54-9A1E7A4F7556}") = "JKang.IpcServiceFramework.Hosting.Tcp", "JKang.IpcServiceFramework.Hosting.Tcp\JKang.IpcServiceFramework.Hosting.Tcp.csproj", "{2783640E-5E3D-447A-BEC2-C1A74E09089C}"
EndProject
Project("{9A19103F-16F7-4668-BE54-9A1E7A4F7556}") = "JKang.IpcServiceFramework.Client.Tcp", "JKang.IpcServiceFramework.Client.Tcp\JKang.IpcServiceFramework.Client.Tcp.csproj", "{E1EE30C2-EF31-47C9-B9FC-D55A94911C40}"
EndProject
Project("{9A19103F-16F7-4668-BE54-9A1E7A4F7556}") = "JKang.IpcServiceFramework.Client", "JKang.IpcServiceFramework.Client\JKang.IpcServiceFramework.Client.csproj", "{46465A56-CF19-4403-A78C-9871BFD8B49E}"
EndProject
Project("{9A19103F-16F7-4668-BE54-9A1E7A4F7556}") = "JKang.IpcServiceFramework.Core", "JKang.IpcServiceFramework.Core\JKang.IpcServiceFramework.Core.csproj", "{0713BDCA-E193-4333-988E-B8EE196BA0E6}"
EndProject
Project("{9A19103F-16F7-4668-BE54-9A1E7A4F7556}") = "JKang.IpcServiceFramework.Hosting", "JKang.IpcServiceFramework.Hosting\JKang.IpcServiceFramework.Hosting.csproj", "{5C70C051-D841-4F4C-8C11-E34B74674187}"
EndProject
Project("{9A19103F-16F7-4668-BE54-9A1E7A4F7556}") = "JKang.IpcServiceFramework.Testing", "JKang.IpcServiceFramework.Testing\JKang.IpcServiceFramework.Testing.csproj", "{915000BD-9D84-4554-9A91-428923060EC5}"
EndProject
Project("{9A19103F-16F7-4668-BE54-9A1E7A4F7556}") = "JKang.IpcServiceFramework.TcpTests", "JKang.IpcServiceFramework.TcpTests\JKang.IpcServiceFramework.TcpTests.csproj", "{C6625102-AC1B-4D86-8BF8-B2096F701AC2}"
EndProject
Project("{9A19103F-16F7-4668-BE54-9A1E7A4F7556}") = "JKang.IpcServiceFramework.NamedPipeTests", "JKang.IpcServiceFramework.NamedPipeTests\JKang.IpcServiceFramework.NamedPipeTests.csproj", "{62A037D0-4FC0-4EF8-A87F-ABC93209EB46}"
EndProject
Global
	GlobalSection(SolutionConfigurationPlatforms) = preSolution
		Debug|Any CPU = Debug|Any CPU
		Release|Any CPU = Release|Any CPU
	EndGlobalSection
	GlobalSection(ProjectConfigurationPlatforms) = postSolution
		{1EC81913-883B-487C-A3FD-98A80EDE3225}.Debug|Any CPU.ActiveCfg = Debug|Any CPU
		{1EC81913-883B-487C-A3FD-98A80EDE3225}.Debug|Any CPU.Build.0 = Debug|Any CPU
		{1EC81913-883B-487C-A3FD-98A80EDE3225}.Release|Any CPU.ActiveCfg = Release|Any CPU
		{1EC81913-883B-487C-A3FD-98A80EDE3225}.Release|Any CPU.Build.0 = Release|Any CPU
		{42A743C1-2E99-4D3B-BA77-ACDF8309DC74}.Debug|Any CPU.ActiveCfg = Debug|Any CPU
		{42A743C1-2E99-4D3B-BA77-ACDF8309DC74}.Debug|Any CPU.Build.0 = Debug|Any CPU
		{42A743C1-2E99-4D3B-BA77-ACDF8309DC74}.Release|Any CPU.ActiveCfg = Release|Any CPU
		{42A743C1-2E99-4D3B-BA77-ACDF8309DC74}.Release|Any CPU.Build.0 = Release|Any CPU
		{3BCFFC74-2722-43DC-B910-92A34997FA2B}.Debug|Any CPU.ActiveCfg = Debug|Any CPU
		{3BCFFC74-2722-43DC-B910-92A34997FA2B}.Debug|Any CPU.Build.0 = Debug|Any CPU
		{3BCFFC74-2722-43DC-B910-92A34997FA2B}.Release|Any CPU.ActiveCfg = Release|Any CPU
		{3BCFFC74-2722-43DC-B910-92A34997FA2B}.Release|Any CPU.Build.0 = Release|Any CPU
		{2783640E-5E3D-447A-BEC2-C1A74E09089C}.Debug|Any CPU.ActiveCfg = Debug|Any CPU
		{2783640E-5E3D-447A-BEC2-C1A74E09089C}.Debug|Any CPU.Build.0 = Debug|Any CPU
		{2783640E-5E3D-447A-BEC2-C1A74E09089C}.Release|Any CPU.ActiveCfg = Release|Any CPU
		{2783640E-5E3D-447A-BEC2-C1A74E09089C}.Release|Any CPU.Build.0 = Release|Any CPU
		{E1EE30C2-EF31-47C9-B9FC-D55A94911C40}.Debug|Any CPU.ActiveCfg = Debug|Any CPU
		{E1EE30C2-EF31-47C9-B9FC-D55A94911C40}.Debug|Any CPU.Build.0 = Debug|Any CPU
		{E1EE30C2-EF31-47C9-B9FC-D55A94911C40}.Release|Any CPU.ActiveCfg = Release|Any CPU
		{E1EE30C2-EF31-47C9-B9FC-D55A94911C40}.Release|Any CPU.Build.0 = Release|Any CPU
		{46465A56-CF19-4403-A78C-9871BFD8B49E}.Debug|Any CPU.ActiveCfg = Debug|Any CPU
		{46465A56-CF19-4403-A78C-9871BFD8B49E}.Debug|Any CPU.Build.0 = Debug|Any CPU
		{46465A56-CF19-4403-A78C-9871BFD8B49E}.Release|Any CPU.ActiveCfg = Release|Any CPU
		{46465A56-CF19-4403-A78C-9871BFD8B49E}.Release|Any CPU.Build.0 = Release|Any CPU
		{0713BDCA-E193-4333-988E-B8EE196BA0E6}.Debug|Any CPU.ActiveCfg = Debug|Any CPU
		{0713BDCA-E193-4333-988E-B8EE196BA0E6}.Debug|Any CPU.Build.0 = Debug|Any CPU
		{0713BDCA-E193-4333-988E-B8EE196BA0E6}.Release|Any CPU.ActiveCfg = Release|Any CPU
		{0713BDCA-E193-4333-988E-B8EE196BA0E6}.Release|Any CPU.Build.0 = Release|Any CPU
		{5C70C051-D841-4F4C-8C11-E34B74674187}.Debug|Any CPU.ActiveCfg = Debug|Any CPU
		{5C70C051-D841-4F4C-8C11-E34B74674187}.Debug|Any CPU.Build.0 = Debug|Any CPU
		{5C70C051-D841-4F4C-8C11-E34B74674187}.Release|Any CPU.ActiveCfg = Release|Any CPU
		{5C70C051-D841-4F4C-8C11-E34B74674187}.Release|Any CPU.Build.0 = Release|Any CPU
		{915000BD-9D84-4554-9A91-428923060EC5}.Debug|Any CPU.ActiveCfg = Debug|Any CPU
		{915000BD-9D84-4554-9A91-428923060EC5}.Debug|Any CPU.Build.0 = Debug|Any CPU
		{915000BD-9D84-4554-9A91-428923060EC5}.Release|Any CPU.ActiveCfg = Release|Any CPU
		{915000BD-9D84-4554-9A91-428923060EC5}.Release|Any CPU.Build.0 = Release|Any CPU
		{C6625102-AC1B-4D86-8BF8-B2096F701AC2}.Debug|Any CPU.ActiveCfg = Debug|Any CPU
		{C6625102-AC1B-4D86-8BF8-B2096F701AC2}.Debug|Any CPU.Build.0 = Debug|Any CPU
		{C6625102-AC1B-4D86-8BF8-B2096F701AC2}.Release|Any CPU.ActiveCfg = Release|Any CPU
		{C6625102-AC1B-4D86-8BF8-B2096F701AC2}.Release|Any CPU.Build.0 = Release|Any CPU
		{62A037D0-4FC0-4EF8-A87F-ABC93209EB46}.Debug|Any CPU.ActiveCfg = Debug|Any CPU
		{62A037D0-4FC0-4EF8-A87F-ABC93209EB46}.Debug|Any CPU.Build.0 = Debug|Any CPU
		{62A037D0-4FC0-4EF8-A87F-ABC93209EB46}.Release|Any CPU.ActiveCfg = Release|Any CPU
		{62A037D0-4FC0-4EF8-A87F-ABC93209EB46}.Release|Any CPU.Build.0 = Release|Any CPU
	EndGlobalSection
	GlobalSection(SolutionProperties) = preSolution
		HideSolutionNode = FALSE
	EndGlobalSection
	GlobalSection(NestedProjects) = preSolution
		{42A743C1-2E99-4D3B-BA77-ACDF8309DC74} = {7ED117EC-C390-4D2E-94D3-C00010B63535}
		{3BCFFC74-2722-43DC-B910-92A34997FA2B} = {7ED117EC-C390-4D2E-94D3-C00010B63535}
		{2783640E-5E3D-447A-BEC2-C1A74E09089C} = {7A7B0FCA-ADE5-4C7A-9640-9E10821D251C}
		{E1EE30C2-EF31-47C9-B9FC-D55A94911C40} = {7A7B0FCA-ADE5-4C7A-9640-9E10821D251C}
		{C6625102-AC1B-4D86-8BF8-B2096F701AC2} = {7A7B0FCA-ADE5-4C7A-9640-9E10821D251C}
		{62A037D0-4FC0-4EF8-A87F-ABC93209EB46} = {7ED117EC-C390-4D2E-94D3-C00010B63535}
	EndGlobalSection
	GlobalSection(ExtensibilityGlobals) = postSolution
		SolutionGuid = {F87E0D46-F461-4E41-9A3B-64710A6DFB2F}
	EndGlobalSection
EndGlobal
