
Microsoft Visual Studio Solution File, Format Version 12.00
# Visual Studio 15
VisualStudioVersion = 15.0.27004.2002
MinimumVisualStudioVersion = 10.0.40219.1
Project("{FAE04EC0-301F-11D3-BF4B-00C04F79EFBC}") = "JKang.IpcServiceFramework", "JKang.IpcServiceFramework\JKang.IpcServiceFramework.csproj", "{83931898-A23F-4D45-8F3F-D63481352862}"
EndProject
Project("{2150E333-8FDC-42A3-9474-1A3956D46DE8}") = "Samples", "Samples", "{03210BFB-17B1-4775-A8A2-D302ECBF2F46}"
EndProject
Project("{FAE04EC0-301F-11D3-BF4B-00C04F79EFBC}") = "IpcServiceSample.ServiceContracts", "IpcServiceSample.ServiceContracts\IpcServiceSample.ServiceContracts.csproj", "{D1ADB92C-B4FB-40DD-911E-46360A23381B}"
EndProject
Project("{FAE04EC0-301F-11D3-BF4B-00C04F79EFBC}") = "IpcServiceSample.ConsoleServer", "IpcServiceSample.ConsoleServer\IpcServiceSample.ConsoleServer.csproj", "{24A3C4D2-95A2-48D9-86F2-648879EC74F4}"
EndProject
Project("{FAE04EC0-301F-11D3-BF4B-00C04F79EFBC}") = "IpcServiceSample.ConsoleClient", "IpcServiceSample.ConsoleClient\IpcServiceSample.ConsoleClient.csproj", "{8D54E62A-ECFF-4FFF-B9D1-DB343D456451}"
EndProject
Global
	GlobalSection(SolutionConfigurationPlatforms) = preSolution
		Debug|Any CPU = Debug|Any CPU
		Release|Any CPU = Release|Any CPU
	EndGlobalSection
	GlobalSection(ProjectConfigurationPlatforms) = postSolution
		{83931898-A23F-4D45-8F3F-D63481352862}.Debug|Any CPU.ActiveCfg = Debug|Any CPU
		{83931898-A23F-4D45-8F3F-D63481352862}.Debug|Any CPU.Build.0 = Debug|Any CPU
		{83931898-A23F-4D45-8F3F-D63481352862}.Release|Any CPU.ActiveCfg = Release|Any CPU
		{83931898-A23F-4D45-8F3F-D63481352862}.Release|Any CPU.Build.0 = Release|Any CPU
		{D1ADB92C-B4FB-40DD-911E-46360A23381B}.Debug|Any CPU.ActiveCfg = Debug|Any CPU
		{D1ADB92C-B4FB-40DD-911E-46360A23381B}.Debug|Any CPU.Build.0 = Debug|Any CPU
		{D1ADB92C-B4FB-40DD-911E-46360A23381B}.Release|Any CPU.ActiveCfg = Release|Any CPU
		{D1ADB92C-B4FB-40DD-911E-46360A23381B}.Release|Any CPU.Build.0 = Release|Any CPU
		{24A3C4D2-95A2-48D9-86F2-648879EC74F4}.Debug|Any CPU.ActiveCfg = Debug|Any CPU
		{24A3C4D2-95A2-48D9-86F2-648879EC74F4}.Debug|Any CPU.Build.0 = Debug|Any CPU
		{24A3C4D2-95A2-48D9-86F2-648879EC74F4}.Release|Any CPU.ActiveCfg = Release|Any CPU
		{24A3C4D2-95A2-48D9-86F2-648879EC74F4}.Release|Any CPU.Build.0 = Release|Any CPU
		{8D54E62A-ECFF-4FFF-B9D1-DB343D456451}.Debug|Any CPU.ActiveCfg = Debug|Any CPU
		{8D54E62A-ECFF-4FFF-B9D1-DB343D456451}.Debug|Any CPU.Build.0 = Debug|Any CPU
		{8D54E62A-ECFF-4FFF-B9D1-DB343D456451}.Release|Any CPU.ActiveCfg = Release|Any CPU
		{8D54E62A-ECFF-4FFF-B9D1-DB343D456451}.Release|Any CPU.Build.0 = Release|Any CPU
	EndGlobalSection
	GlobalSection(SolutionProperties) = preSolution
		HideSolutionNode = FALSE
	EndGlobalSection
	GlobalSection(NestedProjects) = preSolution
		{D1ADB92C-B4FB-40DD-911E-46360A23381B} = {03210BFB-17B1-4775-A8A2-D302ECBF2F46}
		{24A3C4D2-95A2-48D9-86F2-648879EC74F4} = {03210BFB-17B1-4775-A8A2-D302ECBF2F46}
		{8D54E62A-ECFF-4FFF-B9D1-DB343D456451} = {03210BFB-17B1-4775-A8A2-D302ECBF2F46}
	EndGlobalSection
	GlobalSection(ExtensibilityGlobals) = postSolution
		SolutionGuid = {F87E0D46-F461-4E41-9A3B-64710A6DFB2F}
	EndGlobalSection
EndGlobal
